PODS:
  - Alamofire (4.9.1)
  - CodableAlamofire (1.1.2):
    - Alamofire (~> 4.0)
  - Kingfisher (5.13.4):
    - Kingfisher/Core (= 5.13.4)
  - Kingfisher/Core (5.13.4)
  - PromiseKit/Alamofire (6.13.1):
    - Alamofire (~> 4.0)
    - PromiseKit/CorePromise
  - PromiseKit/CorePromise (6.13.1)

DEPENDENCIES:
  - Alamofire
  - CodableAlamofire
  - Kingfisher
  - PromiseKit/Alamofire
  - PromiseKit/CorePromise

SPEC REPOS:
  trunk:
    - Alamofire
    - CodableAlamofire
    - Kingfisher
    - PromiseKit

SPEC CHECKSUMS:
  Alamofire: 85e8a02c69d6020a0d734f6054870d7ecb75cf18
  CodableAlamofire: b7adfb2e5e980392014b4b3f3b8b62c01b9de4aa
  Kingfisher: d2279a7abece3c7f25a80cd2b7f363ca5cf3f44c
  PromiseKit: 28fda91c973cc377875d8c0ea4f973013c05b6db

PODFILE CHECKSUM: b67a90f54430609c9aca2f293a727fadd72f51b9

COCOAPODS: 1.9.1
